
Microsoft Visual Studio Solution File, Format Version 12.00
# Visual Studio 15
VisualStudioVersion = 15.0.28307.1267
MinimumVisualStudioVersion = 10.0.40219.1
Project("{FAE04EC0-301F-11D3-BF4B-00C04F79EFBC}") = "Project3-Colors_reduction", "Project3-Colors_reduction\Project3-Colors_reduction.csproj", "{A1E55F8E-D408-4682-B2F2-5D1E5D77930D}"
EndProject
Global
	GlobalSection(SolutionConfigurationPlatforms) = preSolution
		Debug|Any CPU = Debug|Any CPU
		Release|Any CPU = Release|Any CPU
	EndGlobalSection
	GlobalSection(ProjectConfigurationPlatforms) = postSolution
		{A1E55F8E-D408-4682-B2F2-5D1E5D77930D}.Debug|Any CPU.ActiveCfg = Debug|Any CPU
		{A1E55F8E-D408-4682-B2F2-5D1E5D77930D}.Debug|Any CPU.Build.0 = Debug|Any CPU
		{A1E55F8E-D408-4682-B2F2-5D1E5D77930D}.Release|Any CPU.ActiveCfg = Release|Any CPU
		{A1E55F8E-D408-4682-B2F2-5D1E5D77930D}.Release|Any CPU.Build.0 = Release|Any CPU
	EndGlobalSection
	GlobalSection(SolutionProperties) = preSolution
		HideSolutionNode = FALSE
	EndGlobalSection
	GlobalSection(ExtensibilityGlobals) = postSolution
		SolutionGuid = {85CFA8F6-DFB1-429E-BFD3-917C75722A82}
	EndGlobalSection
EndGlobal
